
Microsoft Visual Studio Solution File, Format Version 12.00
# Visual Studio Version 16
VisualStudioVersion = 16.0.32930.78
MinimumVisualStudioVersion = 10.0.40219.1
Project("{FAE04EC0-301F-11D3-BF4B-00C04F79EFBC}") = "DuWebsite1", "DuWebsite1\DuWebsite1.csproj", "{4586DCF6-F803-4B08-BD0C-44D828A1BB9A}"
EndProject
Global
	GlobalSection(SolutionConfigurationPlatforms) = preSolution
		Debug|Any CPU = Debug|Any CPU
		Release|Any CPU = Release|Any CPU
	EndGlobalSection
	GlobalSection(ProjectConfigurationPlatforms) = postSolution
		{4586DCF6-F803-4B08-BD0C-44D828A1BB9A}.Debug|Any CPU.ActiveCfg = Debug|Any CPU
		{4586DCF6-F803-4B08-BD0C-44D828A1BB9A}.Debug|Any CPU.Build.0 = Debug|Any CPU
		{4586DCF6-F803-4B08-BD0C-44D828A1BB9A}.Release|Any CPU.ActiveCfg = Release|Any CPU
		{4586DCF6-F803-4B08-BD0C-44D828A1BB9A}.Release|Any CPU.Build.0 = Release|Any CPU
	EndGlobalSection
	GlobalSection(SolutionProperties) = preSolution
		HideSolutionNode = FALSE
	EndGlobalSection
	GlobalSection(ExtensibilityGlobals) = postSolution
		SolutionGuid = {0DB9A677-04A9-4AE7-807B-6F70141BBB49}
	EndGlobalSection
EndGlobal
